<?xml version="1.0" encoding="utf-8"?>
<Project ToolsVersion="4.0" xmlns="http://schemas.microsoft.com/developer/msbuild/2003">
  <ItemGroup>
    <Filter Include="Source Files">
      <UniqueIdentifier>{4FC737F1-C7A5-4376-A066-2A32D752A2FF}</UniqueIdentifier>
      <Extensions>cpp;c;cc;cxx;c++;cppm;ixx;def;odl;idl;hpj;bat;asm;asmx</Extensions>
    </Filter>
    <Filter Include="Header Files">
      <UniqueIdentifier>{93995380-89BD-4b04-88EB-625FBE52EBFB}</UniqueIdentifier>
      <Extensions>h;hh;hpp;hxx;h++;hm;inl;inc;ipp;xsd</Extensions>
    </Filter>
    <Filter Include="Resource Files">
      <UniqueIdentifier>{67DA6AB6-F800-4c08-8B7A-83BB121AAD01}</UniqueIdentifier>
      <Extensions>rc;ico;cur;bmp;dlg;rc2;rct;bin;rgs;gif;jpg;jpeg;jpe;resx;tiff;tif;png;wav;mfcribbon-ms</Extensions>
    </Filter>
    <Filter Include="Resource Files\ImGui">
      <UniqueIdentifier>{41fe8cf3-5201-4044-bf18-fafcdac41866}</UniqueIdentifier>
    </Filter>
    <Filter Include="Resource Files\MinHook">
      <UniqueIdentifier>{6cd7b28c-67c1-4217-8c89-2404b2bd4df3}</UniqueIdentifier>
    </Filter>
    <Filter Include="Header Files\Class">
      <UniqueIdentifier>{96abd324-f720-4bb9-a730-5cbe80499abe}</UniqueIdentifier>
    </Filter>
    <Filter Include="Source Files\Class">
      <UniqueIdentifier>{f57be1c0-9a1b-43af-b574-becc1f5c46db}</UniqueIdentifier>
    </Filter>
    <Filter Include="Resource Files\UPD">
      <UniqueIdentifier>{3f8b3873-071d-404b-9645-f57fe9b93ee1}</UniqueIdentifier>
    </Filter>
    <Filter Include="Resource Files\VMProtect">
      <UniqueIdentifier>{de8be7c0-8867-479b-9d26-301e1b2cc4e0}</UniqueIdentifier>
    </Filter>
    <Filter Include="Resource Files\json">
      <UniqueIdentifier>{8180508d-008e-497d-939b-757cc7959c74}</UniqueIdentifier>
    </Filter>
    <Filter Include="Source Files\features">
      <UniqueIdentifier>{502445b1-802f-47d4-a3c8-317e93fe31de}</UniqueIdentifier>
    </Filter>
  </ItemGroup>
  <ItemGroup>
    <ClCompile Include="main.cpp">
      <Filter>Source Files</Filter>
    </ClCompile>
    <ClCompile Include="libs\ImGui\imgui.cpp">
      <Filter>Resource Files\ImGui</Filter>
    </ClCompile>
    <ClCompile Include="libs\ImGui\imgui_demo.cpp">
      <Filter>Resource Files\ImGui</Filter>
    </ClCompile>
    <ClCompile Include="libs\ImGui\imgui_draw.cpp">
      <Filter>Resource Files\ImGui</Filter>
    </ClCompile>
    <ClCompile Include="libs\ImGui\imgui_impl_dx11.cpp">
      <Filter>Resource Files\ImGui</Filter>
    </ClCompile>
    <ClCompile Include="libs\ImGui\imgui_impl_win32.cpp">
      <Filter>Resource Files\ImGui</Filter>
    </ClCompile>
    <ClCompile Include="libs\ImGui\imgui_tables.cpp">
      <Filter>Resource Files\ImGui</Filter>
    </ClCompile>
    <ClCompile Include="libs\ImGui\imgui_widgets.cpp">
      <Filter>Resource Files\ImGui</Filter>
    </ClCompile>
    <ClCompile Include="src\D3D11Window.cpp">
      <Filter>Source Files\Class</Filter>
    </ClCompile>
    <ClCompile Include="src\Game.cpp">
      <Filter>Source Files\Class</Filter>
    </ClCompile>
    <ClCompile Include="src\Hooking.cpp">
      <Filter>Source Files\Class</Filter>
    </ClCompile>
    <ClCompile Include="src\Menu.cpp">
      <Filter>Source Files\Class</Filter>
    </ClCompile>
    <ClCompile Include="config.cpp">
      <Filter>Source Files</Filter>
    </ClCompile>
    <ClCompile Include="pch.cpp">
      <Filter>Source Files</Filter>
    </ClCompile>
    <ClCompile Include="features.cpp">
      <Filter>Source Files</Filter>
    </ClCompile>
    <ClCompile Include="funchook.cpp">
      <Filter>Source Files</Filter>
    </ClCompile>
    <ClCompile Include="libs\ImGui\imgui_impl_dx12.cpp">
      <Filter>Resource Files\ImGui</Filter>
    </ClCompile>
    <ClCompile Include="src\FileManager.cpp">
      <Filter>Source Files\Class</Filter>
    </ClCompile>
    <ClCompile Include="src\Process.cpp">
      <Filter>Source Files\Class</Filter>
    </ClCompile>
    <ClCompile Include="features\Player.cpp">
      <Filter>Source Files\features</Filter>
    </ClCompile>
    <ClCompile Include="features\Weapon.cpp">
      <Filter>Source Files\features</Filter>
    </ClCompile>
    <ClCompile Include="features\Data.cpp">
      <Filter>Source Files\features</Filter>
    </ClCompile>
    <ClCompile Include="features\Stratagem.cpp">
      <Filter>Source Files\features</Filter>
    </ClCompile>
    <ClCompile Include="features\Mission.cpp">
      <Filter>Source Files\features</Filter>
    </ClCompile>
    <ClCompile Include="features\Planet.cpp">
      <Filter>Source Files\features</Filter>
    </ClCompile>
    <ClCompile Include="features\Misc.cpp">
      <Filter>Source Files\features</Filter>
    </ClCompile>
    <ClCompile Include="bypass.cpp">
      <Filter>Source Files</Filter>
    </ClCompile>
  </ItemGroup>
  <ItemGroup>
    <ClInclude Include="memory.h">
      <Filter>Header Files</Filter>
    </ClInclude>
    <ClInclude Include="libs\ImGui\imconfig.h">
      <Filter>Resource Files\ImGui</Filter>
    </ClInclude>
    <ClInclude Include="libs\ImGui\imgui.h">
      <Filter>Resource Files\ImGui</Filter>
    </ClInclude>
    <ClInclude Include="libs\ImGui\imgui_impl_dx11.h">
      <Filter>Resource Files\ImGui</Filter>
    </ClInclude>
    <ClInclude Include="libs\ImGui\imgui_impl_win32.h">
      <Filter>Resource Files\ImGui</Filter>
    </ClInclude>
    <ClInclude Include="libs\ImGui\imgui_internal.h">
      <Filter>Resource Files\ImGui</Filter>
    </ClInclude>
    <ClInclude Include="libs\ImGui\imstb_rectpack.h">
      <Filter>Resource Files\ImGui</Filter>
    </ClInclude>
    <ClInclude Include="libs\ImGui\imstb_textedit.h">
      <Filter>Resource Files\ImGui</Filter>
    </ClInclude>
    <ClInclude Include="libs\ImGui\imstb_truetype.h">
      <Filter>Resource Files\ImGui</Filter>
    </ClInclude>
    <ClInclude Include="include\D3D11Window.hpp">
      <Filter>Header Files\Class</Filter>
    </ClInclude>
    <ClInclude Include="include\Game.hpp">
      <Filter>Header Files\Class</Filter>
    </ClInclude>
    <ClInclude Include="include\helper.h">
      <Filter>Header Files\Class</Filter>
    </ClInclude>
    <ClInclude Include="include\Hooking.hpp">
      <Filter>Header Files\Class</Filter>
    </ClInclude>
    <ClInclude Include="include\Menu.hpp">
      <Filter>Header Files\Class</Filter>
    </ClInclude>
    <ClInclude Include="pch.h">
      <Filter>Header Files</Filter>
    </ClInclude>
    <ClInclude Include="config.h">
      <Filter>Header Files</Filter>
    </ClInclude>
    <ClInclude Include="init.hpp">
      <Filter>Header Files</Filter>
    </ClInclude>
    <ClInclude Include="features.h">
      <Filter>Header Files</Filter>
    </ClInclude>
    <ClInclude Include="libs\xorstr.hpp">
      <Filter>Resource Files</Filter>
    </ClInclude>
    <ClInclude Include="funchook.h">
      <Filter>Header Files</Filter>
    </ClInclude>
    <ClInclude Include="libs\ImGui\imgui_impl_dx12.h">
      <Filter>Resource Files\ImGui</Filter>
    </ClInclude>
    <ClInclude Include="libs\MinHook\MinHook.h">
      <Filter>Resource Files\MinHook</Filter>
    </ClInclude>
    <ClInclude Include="libs\UPD\UniversalProxyDLL.h">
      <Filter>Resource Files\UPD</Filter>
    </ClInclude>
    <ClInclude Include="libs\VMProtect\VMProtectSDK.h">
      <Filter>Resource Files\VMProtect</Filter>
    </ClInclude>
    <ClInclude Include="libs\json\json.hpp">
      <Filter>Resource Files\json</Filter>
    </ClInclude>
    <ClInclude Include="include\FileManager.h">
      <Filter>Header Files\Class</Filter>
    </ClInclude>
    <ClInclude Include="include\util.h">
      <Filter>Header Files\Class</Filter>
    </ClInclude>
    <ClInclude Include="resource.h">
      <Filter>Header Files</Filter>
    </ClInclude>
    <ClInclude Include="include\Process.h">
      <Filter>Header Files\Class</Filter>
    </ClInclude>
    <ClInclude Include="bypass.h">
      <Filter>Header Files</Filter>
    </ClInclude>
  </ItemGroup>
  <ItemGroup>
    <Library Include="libs\VMProtect\VMProtectSDK64.lib">
      <Filter>Resource Files\VMProtect</Filter>
    </Library>
  </ItemGroup>
  <ItemGroup>
    <ResourceCompile Include="helldivers2.rc">
      <Filter>Resource Files</Filter>
    </ResourceCompile>
  </ItemGroup>
</Project>